// !$*UTF8*$!
{
	archiveVersion = 1;
	classes = {
	};
	objectVersion = 46;
	objects = {

/* Begin PBXBuildFile section */
		85031E7E15FE160900A1A287 /* AddViewController.m in Sources */ = {isa = PBXBuildFile; fileRef = 85031E7915FE160900A1A287 /* AddViewController.m */; };
		85031E7F15FE160900A1A287 /* DetailViewController.m in Sources */ = {isa = PBXBuildFile; fileRef = 85031E7B15FE160900A1A287 /* DetailViewController.m */; };
		85031E8015FE160900A1A287 /* EditingViewController.m in Sources */ = {isa = PBXBuildFile; fileRef = 85031E7D15FE160900A1A287 /* EditingViewController.m */; };
		850E375E15FB90AE00EE3F6D /* 1.jpg in Resources */ = {isa = PBXBuildFile; fileRef = 850E375815FB90AE00EE3F6D /* 1.jpg */; };
		850E375F15FB90AE00EE3F6D /* 2.jpg in Resources */ = {isa = PBXBuildFile; fileRef = 850E375915FB90AE00EE3F6D /* 2.jpg */; };
		850E376315FB90AE00EE3F6D /* test6.jpg in Resources */ = {isa = PBXBuildFile; fileRef = 850E375D15FB90AE00EE3F6D /* test6.jpg */; };
		850E377115FBA1B700EE3F6D /* UIImage+SplitImageIntoTwoParts.m in Sources */ = {isa = PBXBuildFile; fileRef = 850E376F15FBA1B700EE3F6D /* UIImage+SplitImageIntoTwoParts.m */; };
		851811D515FE370700607412 /* EditingView.xib in Resources */ = {isa = PBXBuildFile; fileRef = 851811D415FE370700607412 /* EditingView.xib */; };
		851B4FED15FCE96A00A98CD8 /* default.png in Resources */ = {isa = PBXBuildFile; fileRef = 851B4FEC15FCE96A00A98CD8 /* default.png */; };
		851B4FF215FCF25700A98CD8 /* Icon_72.png in Resources */ = {isa = PBXBuildFile; fileRef = 851B4FEE15FCF25700A98CD8 /* Icon_72.png */; };
		851B4FF315FCF25700A98CD8 /* Icon_Big.png in Resources */ = {isa = PBXBuildFile; fileRef = 851B4FEF15FCF25700A98CD8 /* Icon_Big.png */; };
		851B4FF415FCF25700A98CD8 /* Icon_Small.png in Resources */ = {isa = PBXBuildFile; fileRef = 851B4FF015FCF25700A98CD8 /* Icon_Small.png */; };
		851B4FF515FCF25700A98CD8 /* Icon.png in Resources */ = {isa = PBXBuildFile; fileRef = 851B4FF115FCF25700A98CD8 /* Icon.png */; };
		851B4FFA15FCF3A200A98CD8 /* YISplashScreen.m in Sources */ = {isa = PBXBuildFile; fileRef = 851B4FF715FCF3A200A98CD8 /* YISplashScreen.m */; };
		851B4FFB15FCF3A200A98CD8 /* YISplashScreenAnimation.m in Sources */ = {isa = PBXBuildFile; fileRef = 851B4FF915FCF3A200A98CD8 /* YISplashScreenAnimation.m */; };
		852EC1BF159C4AA40018A30E /* CoreData.framework in Frameworks */ = {isa = PBXBuildFile; fileRef = 852EC1BE159C4AA40018A30E /* CoreData.framework */; };
		852EC1C3159C4AFA0018A30E /* ClassNote.xcdatamodeld in Sources */ = {isa = PBXBuildFile; fileRef = 852EC1C1159C4AFA0018A30E /* ClassNote.xcdatamodeld */; };
		85611BB9163BD32F0099B7BE /* HFMainViewController.m in Sources */ = {isa = PBXBuildFile; fileRef = 85611BB7163BD32F0099B7BE /* HFMainViewController.m */; };
		85611BBA163BD32F0099B7BE /* HFMainViewController.xib in Resources */ = {isa = PBXBuildFile; fileRef = 85611BB8163BD32F0099B7BE /* HFMainViewController.xib */; };
		85611BBE163C04C30099B7BE /* HFExceptionHandler.m in Sources */ = {isa = PBXBuildFile; fileRef = 85611BBD163C04C30099B7BE /* HFExceptionHandler.m */; };
		8590DF9715FBB83800A7019F /* GuideViewController.m in Sources */ = {isa = PBXBuildFile; fileRef = 8590DF9515FBB83800A7019F /* GuideViewController.m */; };
		8590DF9815FBB83800A7019F /* GuideViewController.xib in Resources */ = {isa = PBXBuildFile; fileRef = 8590DF9615FBB83800A7019F /* GuideViewController.xib */; };
		859A4D59163D0FF000A78FCA /* libMobClickLibrary.a in Frameworks */ = {isa = PBXBuildFile; fileRef = 859A4D57163D0FF000A78FCA /* libMobClickLibrary.a */; };
		859A4D5C163D107400A78FCA /* libz.dylib in Frameworks */ = {isa = PBXBuildFile; fileRef = 859A4D5B163D107400A78FCA /* libz.dylib */; };
		859A4D64163D183100A78FCA /* libUMFeedback.a in Frameworks */ = {isa = PBXBuildFile; fileRef = 859A4D61163D183000A78FCA /* libUMFeedback.a */; };
		859A4D65163D183100A78FCA /* umFeedback.bundle in Resources */ = {isa = PBXBuildFile; fileRef = 859A4D62163D183000A78FCA /* umFeedback.bundle */; };
		859A4D7A163D6FEF00A78FCA /* HFLessonListViewController.m in Sources */ = {isa = PBXBuildFile; fileRef = 859A4D78163D6FEF00A78FCA /* HFLessonListViewController.m */; };
		859A4D7B163D6FEF00A78FCA /* HFLessonListViewController.xib in Resources */ = {isa = PBXBuildFile; fileRef = 859A4D79163D6FEF00A78FCA /* HFLessonListViewController.xib */; };
		859D77BB16340AB30050E6FA /* SignUpViewController.m in Sources */ = {isa = PBXBuildFile; fileRef = 859D77B616340AB30050E6FA /* SignUpViewController.m */; };
		859D77BC16340AB30050E6FA /* SignUpViewController.xib in Resources */ = {isa = PBXBuildFile; fileRef = 859D77B716340AB30050E6FA /* SignUpViewController.xib */; };
		859D77BD16340AB30050E6FA /* LoginViewController.m in Sources */ = {isa = PBXBuildFile; fileRef = 859D77B916340AB30050E6FA /* LoginViewController.m */; };
		859D77BE16340AB30050E6FA /* LoginViewController.xib in Resources */ = {isa = PBXBuildFile; fileRef = 859D77BA16340AB30050E6FA /* LoginViewController.xib */; };
		859D77C116340CE90050E6FA /* HFRemoteUtils.m in Sources */ = {isa = PBXBuildFile; fileRef = 859D77C016340CE90050E6FA /* HFRemoteUtils.m */; };
		859D77F3163411E60050E6FA /* TBinaryProtocol.m in Sources */ = {isa = PBXBuildFile; fileRef = 859D77D3163411E60050E6FA /* TBinaryProtocol.m */; };
		859D77F4163411E60050E6FA /* TProtocolException.m in Sources */ = {isa = PBXBuildFile; fileRef = 859D77D6163411E60050E6FA /* TProtocolException.m */; };
		859D77F5163411E60050E6FA /* TProtocolUtil.m in Sources */ = {isa = PBXBuildFile; fileRef = 859D77D9163411E60050E6FA /* TProtocolUtil.m */; };
		859D77F6163411E60050E6FA /* TSocketServer.m in Sources */ = {isa = PBXBuildFile; fileRef = 859D77DC163411E60050E6FA /* TSocketServer.m */; };
		859D77F7163411E60050E6FA /* TApplicationException.m in Sources */ = {isa = PBXBuildFile; fileRef = 859D77DE163411E60050E6FA /* TApplicationException.m */; };
		859D77F8163411E60050E6FA /* TException.m in Sources */ = {isa = PBXBuildFile; fileRef = 859D77E0163411E60050E6FA /* TException.m */; };
		859D77F9163411E60050E6FA /* THTTPClient.m in Sources */ = {isa = PBXBuildFile; fileRef = 859D77E5163411E60050E6FA /* THTTPClient.m */; };
		859D77FA163411E60050E6FA /* TMemoryBuffer.m in Sources */ = {isa = PBXBuildFile; fileRef = 859D77E7163411E60050E6FA /* TMemoryBuffer.m */; };
		859D77FB163411E60050E6FA /* TNSFileHandleTransport.m in Sources */ = {isa = PBXBuildFile; fileRef = 859D77E9163411E60050E6FA /* TNSFileHandleTransport.m */; };
		859D77FC163411E60050E6FA /* TNSStreamTransport.m in Sources */ = {isa = PBXBuildFile; fileRef = 859D77EB163411E60050E6FA /* TNSStreamTransport.m */; };
		859D77FD163411E60050E6FA /* TSocketClient.m in Sources */ = {isa = PBXBuildFile; fileRef = 859D77ED163411E60050E6FA /* TSocketClient.m */; };
		859D77FE163411E60050E6FA /* TTransportException.m in Sources */ = {isa = PBXBuildFile; fileRef = 859D77F0163411E60050E6FA /* TTransportException.m */; };
		859D77FF163411E60050E6FA /* TSharedProcessorFactory.m in Sources */ = {isa = PBXBuildFile; fileRef = 859D77F2163411E60050E6FA /* TSharedProcessorFactory.m */; };
		859D7806163411FB0050E6FA /* exception.m in Sources */ = {isa = PBXBuildFile; fileRef = 859D7801163411FB0050E6FA /* exception.m */; };
		859D7807163411FB0050E6FA /* service.m in Sources */ = {isa = PBXBuildFile; fileRef = 859D7803163411FB0050E6FA /* service.m */; };
		859D7808163411FB0050E6FA /* type.m in Sources */ = {isa = PBXBuildFile; fileRef = 859D7805163411FB0050E6FA /* type.m */; };
		85AB0AAD15988CD60065020C /* UIKit.framework in Frameworks */ = {isa = PBXBuildFile; fileRef = 85AB0AAC15988CD60065020C /* UIKit.framework */; };
		85AB0AAF15988CD60065020C /* Foundation.framework in Frameworks */ = {isa = PBXBuildFile; fileRef = 85AB0AAE15988CD60065020C /* Foundation.framework */; };
		85AB0AB715988CD60065020C /* InfoPlist.strings in Resources */ = {isa = PBXBuildFile; fileRef = 85AB0AB515988CD60065020C /* InfoPlist.strings */; };
		85AB0AB915988CD60065020C /* main.m in Sources */ = {isa = PBXBuildFile; fileRef = 85AB0AB815988CD60065020C /* main.m */; };
		85AB0ABD15988CD60065020C /* HFAppDelegate.m in Sources */ = {isa = PBXBuildFile; fileRef = 85AB0ABC15988CD60065020C /* HFAppDelegate.m */; };
		85E035D615F64FE70009FAB8 /* Localizable.strings in Resources */ = {isa = PBXBuildFile; fileRef = 85E035D815F64FE70009FAB8 /* Localizable.strings */; };
		85E035E615F65EF70009FAB8 /* HFLesson.m in Sources */ = {isa = PBXBuildFile; fileRef = 85E035E515F65EF70009FAB8 /* HFLesson.m */; };
		85E035E915F65F090009FAB8 /* HFClass.m in Sources */ = {isa = PBXBuildFile; fileRef = 85E035E815F65F090009FAB8 /* HFClass.m */; };
		85E6CF9316020C2E00ED65FC /* HFLessonEditViewController.m in Sources */ = {isa = PBXBuildFile; fileRef = 85E6CF9116020C2E00ED65FC /* HFLessonEditViewController.m */; };
		85E6CF9416020C2E00ED65FC /* HFLessonEditViewController.xib in Resources */ = {isa = PBXBuildFile; fileRef = 85E6CF9216020C2E00ED65FC /* HFLessonEditViewController.xib */; };
		85F35687159994D4000E1B6F /* HFClassEditViewController.m in Sources */ = {isa = PBXBuildFile; fileRef = 85F35685159994D3000E1B6F /* HFClassEditViewController.m */; };
		85F35688159994D4000E1B6F /* HFClassEditView.xib in Resources */ = {isa = PBXBuildFile; fileRef = 85F35686159994D3000E1B6F /* HFClassEditView.xib */; };
		85F850711604699500068115 /* NGVaryingGridView.m in Sources */ = {isa = PBXBuildFile; fileRef = 85F850701604699500068115 /* NGVaryingGridView.m */; };
		85F85076160469B100068115 /* NGClassCell.m in Sources */ = {isa = PBXBuildFile; fileRef = 85F85073160469B100068115 /* NGClassCell.m */; };
		85F85077160469B100068115 /* NGViewController.m in Sources */ = {isa = PBXBuildFile; fileRef = 85F85075160469B100068115 /* NGViewController.m */; };
		85F910A615FC5DEC00ADB1E9 /* Default@2x.png in Resources */ = {isa = PBXBuildFile; fileRef = 85F910A515FC5DEC00ADB1E9 /* Default@2x.png */; };
		85F910B315FC638500ADB1E9 /* CoreGraphics.framework in Frameworks */ = {isa = PBXBuildFile; fileRef = 85AB0AB015988CD60065020C /* CoreGraphics.framework */; };
		85F910B415FC65AB00ADB1E9 /* QuartzCore.framework in Frameworks */ = {isa = PBXBuildFile; fileRef = 85F910B115FC634C00ADB1E9 /* QuartzCore.framework */; };
/* End PBXBuildFile section */

/* Begin PBXFileReference section */
		85031E7815FE160900A1A287 /* AddViewController.h */ = {isa = PBXFileReference; fileEncoding = 4; lastKnownFileType = sourcecode.c.h; name = AddViewController.h; path = ClassNote/AddViewController.h; sourceTree = "<group>"; };
		85031E7915FE160900A1A287 /* AddViewController.m */ = {isa = PBXFileReference; fileEncoding = 4; lastKnownFileType = sourcecode.c.objc; name = AddViewController.m; path = ClassNote/AddViewController.m; sourceTree = "<group>"; };
		85031E7A15FE160900A1A287 /* DetailViewController.h */ = {isa = PBXFileReference; fileEncoding = 4; lastKnownFileType = sourcecode.c.h; name = DetailViewController.h; path = ClassNote/DetailViewController.h; sourceTree = "<group>"; };
		85031E7B15FE160900A1A287 /* DetailViewController.m */ = {isa = PBXFileReference; fileEncoding = 4; lastKnownFileType = sourcecode.c.objc; name = DetailViewController.m; path = ClassNote/DetailViewController.m; sourceTree = "<group>"; };
		85031E7C15FE160900A1A287 /* EditingViewController.h */ = {isa = PBXFileReference; fileEncoding = 4; lastKnownFileType = sourcecode.c.h; name = EditingViewController.h; path = ClassNote/EditingViewController.h; sourceTree = "<group>"; };
		85031E7D15FE160900A1A287 /* EditingViewController.m */ = {isa = PBXFileReference; fileEncoding = 4; lastKnownFileType = sourcecode.c.objc; name = EditingViewController.m; path = ClassNote/EditingViewController.m; sourceTree = "<group>"; };
		850E375815FB90AE00EE3F6D /* 1.jpg */ = {isa = PBXFileReference; lastKnownFileType = image.jpeg; path = 1.jpg; sourceTree = "<group>"; };
		850E375915FB90AE00EE3F6D /* 2.jpg */ = {isa = PBXFileReference; lastKnownFileType = image.jpeg; path = 2.jpg; sourceTree = "<group>"; };
		850E375D15FB90AE00EE3F6D /* test6.jpg */ = {isa = PBXFileReference; lastKnownFileType = image.jpeg; path = test6.jpg; sourceTree = "<group>"; };
		850E376E15FBA1B700EE3F6D /* UIImage+SplitImageIntoTwoParts.h */ = {isa = PBXFileReference; fileEncoding = 4; lastKnownFileType = sourcecode.c.h; name = "UIImage+SplitImageIntoTwoParts.h"; path = "ClassNote/UIImage+SplitImageIntoTwoParts.h"; sourceTree = "<group>"; };
		850E376F15FBA1B700EE3F6D /* UIImage+SplitImageIntoTwoParts.m */ = {isa = PBXFileReference; fileEncoding = 4; lastKnownFileType = sourcecode.c.objc; name = "UIImage+SplitImageIntoTwoParts.m"; path = "ClassNote/UIImage+SplitImageIntoTwoParts.m"; sourceTree = "<group>"; };
		851811D415FE370700607412 /* EditingView.xib */ = {isa = PBXFileReference; fileEncoding = 4; lastKnownFileType = file.xib; path = EditingView.xib; sourceTree = "<group>"; };
		851B4FEC15FCE96A00A98CD8 /* default.png */ = {isa = PBXFileReference; lastKnownFileType = image.png; path = default.png; sourceTree = "<group>"; };
		851B4FEE15FCF25700A98CD8 /* Icon_72.png */ = {isa = PBXFileReference; lastKnownFileType = image.png; path = Icon_72.png; sourceTree = "<group>"; };
		851B4FEF15FCF25700A98CD8 /* Icon_Big.png */ = {isa = PBXFileReference; lastKnownFileType = image.png; path = Icon_Big.png; sourceTree = "<group>"; };
		851B4FF015FCF25700A98CD8 /* Icon_Small.png */ = {isa = PBXFileReference; lastKnownFileType = image.png; path = Icon_Small.png; sourceTree = "<group>"; };
		851B4FF115FCF25700A98CD8 /* Icon.png */ = {isa = PBXFileReference; lastKnownFileType = image.png; path = Icon.png; sourceTree = "<group>"; };
		851B4FF615FCF3A200A98CD8 /* YISplashScreen.h */ = {isa = PBXFileReference; fileEncoding = 4; lastKnownFileType = sourcecode.c.h; name = YISplashScreen.h; path = YISplashScreen/YISplashScreen.h; sourceTree = "<group>"; };
		851B4FF715FCF3A200A98CD8 /* YISplashScreen.m */ = {isa = PBXFileReference; fileEncoding = 4; lastKnownFileType = sourcecode.c.objc; name = YISplashScreen.m; path = YISplashScreen/YISplashScreen.m; sourceTree = "<group>"; };
		851B4FF815FCF3A200A98CD8 /* YISplashScreenAnimation.h */ = {isa = PBXFileReference; fileEncoding = 4; lastKnownFileType = sourcecode.c.h; name = YISplashScreenAnimation.h; path = YISplashScreen/YISplashScreenAnimation.h; sourceTree = "<group>"; };
		851B4FF915FCF3A200A98CD8 /* YISplashScreenAnimation.m */ = {isa = PBXFileReference; fileEncoding = 4; lastKnownFileType = sourcecode.c.objc; name = YISplashScreenAnimation.m; path = YISplashScreen/YISplashScreenAnimation.m; sourceTree = "<group>"; };
		852EC1BE159C4AA40018A30E /* CoreData.framework */ = {isa = PBXFileReference; lastKnownFileType = wrapper.framework; name = CoreData.framework; path = System/Library/Frameworks/CoreData.framework; sourceTree = SDKROOT; };
		852EC1C2159C4AFA0018A30E /* ClassNote.xcdatamodel */ = {isa = PBXFileReference; lastKnownFileType = wrapper.xcdatamodel; path = ClassNote.xcdatamodel; sourceTree = "<group>"; };
		85611BB6163BD32F0099B7BE /* HFMainViewController.h */ = {isa = PBXFileReference; fileEncoding = 4; lastKnownFileType = sourcecode.c.h; path = HFMainViewController.h; sourceTree = "<group>"; };
		85611BB7163BD32F0099B7BE /* HFMainViewController.m */ = {isa = PBXFileReference; fileEncoding = 4; lastKnownFileType = sourcecode.c.objc; path = HFMainViewController.m; sourceTree = "<group>"; };
		85611BB8163BD32F0099B7BE /* HFMainViewController.xib */ = {isa = PBXFileReference; fileEncoding = 4; lastKnownFileType = file.xib; path = HFMainViewController.xib; sourceTree = "<group>"; };
		85611BBC163C04C30099B7BE /* HFExceptionHandler.h */ = {isa = PBXFileReference; fileEncoding = 4; lastKnownFileType = sourcecode.c.h; name = HFExceptionHandler.h; path = Exception/HFExceptionHandler.h; sourceTree = "<group>"; };
		85611BBD163C04C30099B7BE /* HFExceptionHandler.m */ = {isa = PBXFileReference; fileEncoding = 4; lastKnownFileType = sourcecode.c.objc; name = HFExceptionHandler.m; path = Exception/HFExceptionHandler.m; sourceTree = "<group>"; };
		8590DF9415FBB83800A7019F /* GuideViewController.h */ = {isa = PBXFileReference; fileEncoding = 4; lastKnownFileType = sourcecode.c.h; name = GuideViewController.h; path = ClassNote/GuideViewController.h; sourceTree = "<group>"; };
		8590DF9515FBB83800A7019F /* GuideViewController.m */ = {isa = PBXFileReference; fileEncoding = 4; lastKnownFileType = sourcecode.c.objc; name = GuideViewController.m; path = ClassNote/GuideViewController.m; sourceTree = "<group>"; };
		8590DF9615FBB83800A7019F /* GuideViewController.xib */ = {isa = PBXFileReference; fileEncoding = 4; lastKnownFileType = file.xib; name = GuideViewController.xib; path = ClassNote/GuideViewController.xib; sourceTree = "<group>"; };
		859A4D57163D0FF000A78FCA /* libMobClickLibrary.a */ = {isa = PBXFileReference; lastKnownFileType = archive.ar; path = libMobClickLibrary.a; sourceTree = "<group>"; };
		859A4D58163D0FF000A78FCA /* MobClick.h */ = {isa = PBXFileReference; fileEncoding = 4; lastKnownFileType = sourcecode.c.h; path = MobClick.h; sourceTree = "<group>"; };
		859A4D5B163D107400A78FCA /* libz.dylib */ = {isa = PBXFileReference; lastKnownFileType = "compiled.mach-o.dylib"; name = libz.dylib; path = usr/lib/libz.dylib; sourceTree = SDKROOT; };
		859A4D61163D183000A78FCA /* libUMFeedback.a */ = {isa = PBXFileReference; lastKnownFileType = archive.ar; path = libUMFeedback.a; sourceTree = "<group>"; };
		859A4D62163D183000A78FCA /* umFeedback.bundle */ = {isa = PBXFileReference; lastKnownFileType = "wrapper.plug-in"; path = umFeedback.bundle; sourceTree = "<group>"; };
		859A4D63163D183100A78FCA /* UMFeedback.h */ = {isa = PBXFileReference; fileEncoding = 4; lastKnownFileType = sourcecode.c.h; path = UMFeedback.h; sourceTree = "<group>"; };
		859A4D77163D6FEE00A78FCA /* HFLessonListViewController.h */ = {isa = PBXFileReference; fileEncoding = 4; lastKnownFileType = sourcecode.c.h; name = HFLessonListViewController.h; path = ClassNote/HFLessonListViewController.h; sourceTree = "<group>"; };
		859A4D78163D6FEF00A78FCA /* HFLessonListViewController.m */ = {isa = PBXFileReference; fileEncoding = 4; lastKnownFileType = sourcecode.c.objc; name = HFLessonListViewController.m; path = ClassNote/HFLessonListViewController.m; sourceTree = "<group>"; };
		859A4D79163D6FEF00A78FCA /* HFLessonListViewController.xib */ = {isa = PBXFileReference; fileEncoding = 4; lastKnownFileType = file.xib; name = HFLessonListViewController.xib; path = ClassNote/HFLessonListViewController.xib; sourceTree = "<group>"; };
		859D77B516340AB30050E6FA /* SignUpViewController.h */ = {isa = PBXFileReference; fileEncoding = 4; lastKnownFileType = sourcecode.c.h; name = SignUpViewController.h; path = ClassNote/SignUpViewController.h; sourceTree = "<group>"; };
		859D77B616340AB30050E6FA /* SignUpViewController.m */ = {isa = PBXFileReference; fileEncoding = 4; lastKnownFileType = sourcecode.c.objc; name = SignUpViewController.m; path = ClassNote/SignUpViewController.m; sourceTree = "<group>"; };
		859D77B716340AB30050E6FA /* SignUpViewController.xib */ = {isa = PBXFileReference; fileEncoding = 4; lastKnownFileType = file.xib; name = SignUpViewController.xib; path = ClassNote/SignUpViewController.xib; sourceTree = "<group>"; };
		859D77B816340AB30050E6FA /* LoginViewController.h */ = {isa = PBXFileReference; fileEncoding = 4; lastKnownFileType = sourcecode.c.h; name = LoginViewController.h; path = ClassNote/LoginViewController.h; sourceTree = "<group>"; };
		859D77B916340AB30050E6FA /* LoginViewController.m */ = {isa = PBXFileReference; fileEncoding = 4; lastKnownFileType = sourcecode.c.objc; name = LoginViewController.m; path = ClassNote/LoginViewController.m; sourceTree = "<group>"; };
		859D77BA16340AB30050E6FA /* LoginViewController.xib */ = {isa = PBXFileReference; fileEncoding = 4; lastKnownFileType = file.xib; name = LoginViewController.xib; path = ClassNote/LoginViewController.xib; sourceTree = "<group>"; };
		859D77BF16340CE90050E6FA /* HFRemoteUtils.h */ = {isa = PBXFileReference; fileEncoding = 4; lastKnownFileType = sourcecode.c.h; name = HFRemoteUtils.h; path = ClassNote/HFRemoteUtils.h; sourceTree = "<group>"; };
		859D77C016340CE90050E6FA /* HFRemoteUtils.m */ = {isa = PBXFileReference; fileEncoding = 4; lastKnownFileType = sourcecode.c.objc; name = HFRemoteUtils.m; path = ClassNote/HFRemoteUtils.m; sourceTree = "<group>"; };
		859D77D2163411E60050E6FA /* TBinaryProtocol.h */ = {isa = PBXFileReference; fileEncoding = 4; lastKnownFileType = sourcecode.c.h; path = TBinaryProtocol.h; sourceTree = "<group>"; };
		859D77D3163411E60050E6FA /* TBinaryProtocol.m */ = {isa = PBXFileReference; fileEncoding = 4; lastKnownFileType = sourcecode.c.objc; path = TBinaryProtocol.m; sourceTree = "<group>"; };
		859D77D4163411E60050E6FA /* TProtocol.h */ = {isa = PBXFileReference; fileEncoding = 4; lastKnownFileType = sourcecode.c.h; path = TProtocol.h; sourceTree = "<group>"; };
		859D77D5163411E60050E6FA /* TProtocolException.h */ = {isa = PBXFileReference; fileEncoding = 4; lastKnownFileType = sourcecode.c.h; path = TProtocolException.h; sourceTree = "<group>"; };
		859D77D6163411E60050E6FA /* TProtocolException.m */ = {isa = PBXFileReference; fileEncoding = 4; lastKnownFileType = sourcecode.c.objc; path = TProtocolException.m; sourceTree = "<group>"; };
		859D77D7163411E60050E6FA /* TProtocolFactory.h */ = {isa = PBXFileReference; fileEncoding = 4; lastKnownFileType = sourcecode.c.h; path = TProtocolFactory.h; sourceTree = "<group>"; };
		859D77D8163411E60050E6FA /* TProtocolUtil.h */ = {isa = PBXFileReference; fileEncoding = 4; lastKnownFileType = sourcecode.c.h; path = TProtocolUtil.h; sourceTree = "<group>"; };
		859D77D9163411E60050E6FA /* TProtocolUtil.m */ = {isa = PBXFileReference; fileEncoding = 4; lastKnownFileType = sourcecode.c.objc; path = TProtocolUtil.m; sourceTree = "<group>"; };
		859D77DB163411E60050E6FA /* TSocketServer.h */ = {isa = PBXFileReference; fileEncoding = 4; lastKnownFileType = sourcecode.c.h; path = TSocketServer.h; sourceTree = "<group>"; };
		859D77DC163411E60050E6FA /* TSocketServer.m */ = {isa = PBXFileReference; fileEncoding = 4; lastKnownFileType = sourcecode.c.objc; path = TSocketServer.m; sourceTree = "<group>"; };
		859D77DD163411E60050E6FA /* TApplicationException.h */ = {isa = PBXFileReference; fileEncoding = 4; lastKnownFileType = sourcecode.c.h; name = TApplicationException.h; path = thrift/TApplicationException.h; sourceTree = "<group>"; };
		859D77DE163411E60050E6FA /* TApplicationException.m */ = {isa = PBXFileReference; fileEncoding = 4; lastKnownFileType = sourcecode.c.objc; name = TApplicationException.m; path = thrift/TApplicationException.m; sourceTree = "<group>"; };
		859D77DF163411E60050E6FA /* TException.h */ = {isa = PBXFileReference; fileEncoding = 4; lastKnownFileType = sourcecode.c.h; name = TException.h; path = thrift/TException.h; sourceTree = "<group>"; };
		859D77E0163411E60050E6FA /* TException.m */ = {isa = PBXFileReference; fileEncoding = 4; lastKnownFileType = sourcecode.c.objc; name = TException.m; path = thrift/TException.m; sourceTree = "<group>"; };
		859D77E1163411E60050E6FA /* TProcessor.h */ = {isa = PBXFileReference; fileEncoding = 4; lastKnownFileType = sourcecode.c.h; name = TProcessor.h; path = thrift/TProcessor.h; sourceTree = "<group>"; };
		859D77E2163411E60050E6FA /* TProcessorFactory.h */ = {isa = PBXFileReference; fileEncoding = 4; lastKnownFileType = sourcecode.c.h; name = TProcessorFactory.h; path = thrift/TProcessorFactory.h; sourceTree = "<group>"; };
		859D77E4163411E60050E6FA /* THTTPClient.h */ = {isa = PBXFileReference; fileEncoding = 4; lastKnownFileType = sourcecode.c.h; path = THTTPClient.h; sourceTree = "<group>"; };
		859D77E5163411E60050E6FA /* THTTPClient.m */ = {isa = PBXFileReference; fileEncoding = 4; lastKnownFileType = sourcecode.c.objc; path = THTTPClient.m; sourceTree = "<group>"; };
		859D77E6163411E60050E6FA /* TMemoryBuffer.h */ = {isa = PBXFileReference; fileEncoding = 4; lastKnownFileType = sourcecode.c.h; path = TMemoryBuffer.h; sourceTree = "<group>"; };
		859D77E7163411E60050E6FA /* TMemoryBuffer.m */ = {isa = PBXFileReference; fileEncoding = 4; lastKnownFileType = sourcecode.c.objc; path = TMemoryBuffer.m; sourceTree = "<group>"; };
		859D77E8163411E60050E6FA /* TNSFileHandleTransport.h */ = {isa = PBXFileReference; fileEncoding = 4; lastKnownFileType = sourcecode.c.h; path = TNSFileHandleTransport.h; sourceTree = "<group>"; };
		859D77E9163411E60050E6FA /* TNSFileHandleTransport.m */ = {isa = PBXFileReference; fileEncoding = 4; lastKnownFileType = sourcecode.c.objc; path = TNSFileHandleTransport.m; sourceTree = "<group>"; };
		859D77EA163411E60050E6FA /* TNSStreamTransport.h */ = {isa = PBXFileReference; fileEncoding = 4; lastKnownFileType = sourcecode.c.h; path = TNSStreamTransport.h; sourceTree = "<group>"; };
		859D77EB163411E60050E6FA /* TNSStreamTransport.m */ = {isa = PBXFileReference; fileEncoding = 4; lastKnownFileType = sourcecode.c.objc; path = TNSStreamTransport.m; sourceTree = "<group>"; };
		859D77EC163411E60050E6FA /* TSocketClient.h */ = {isa = PBXFileReference; fileEncoding = 4; lastKnownFileType = sourcecode.c.h; path = TSocketClient.h; sourceTree = "<group>"; };
		859D77ED163411E60050E6FA /* TSocketClient.m */ = {isa = PBXFileReference; fileEncoding = 4; lastKnownFileType = sourcecode.c.objc; path = TSocketClient.m; sourceTree = "<group>"; };
		859D77EE163411E60050E6FA /* TTransport.h */ = {isa = PBXFileReference; fileEncoding = 4; lastKnownFileType = sourcecode.c.h; path = TTransport.h; sourceTree = "<group>"; };
		859D77EF163411E60050E6FA /* TTransportException.h */ = {isa = PBXFileReference; fileEncoding = 4; lastKnownFileType = sourcecode.c.h; path = TTransportException.h; sourceTree = "<group>"; };
		859D77F0163411E60050E6FA /* TTransportException.m */ = {isa = PBXFileReference; fileEncoding = 4; lastKnownFileType = sourcecode.c.objc; path = TTransportException.m; sourceTree = "<group>"; };
		859D77F1163411E60050E6FA /* TSharedProcessorFactory.h */ = {isa = PBXFileReference; fileEncoding = 4; lastKnownFileType = sourcecode.c.h; name = TSharedProcessorFactory.h; path = thrift/TSharedProcessorFactory.h; sourceTree = "<group>"; };
		859D77F2163411E60050E6FA /* TSharedProcessorFactory.m */ = {isa = PBXFileReference; fileEncoding = 4; lastKnownFileType = sourcecode.c.objc; name = TSharedProcessorFactory.m; path = thrift/TSharedProcessorFactory.m; sourceTree = "<group>"; };
		859D7800163411FB0050E6FA /* exception.h */ = {isa = PBXFileReference; fileEncoding = 4; lastKnownFileType = sourcecode.c.h; name = exception.h; path = "thrift-client/exception.h"; sourceTree = "<group>"; };
		859D7801163411FB0050E6FA /* exception.m */ = {isa = PBXFileReference; fileEncoding = 4; lastKnownFileType = sourcecode.c.objc; name = exception.m; path = "thrift-client/exception.m"; sourceTree = "<group>"; };
		859D7802163411FB0050E6FA /* service.h */ = {isa = PBXFileReference; fileEncoding = 4; lastKnownFileType = sourcecode.c.h; name = service.h; path = "thrift-client/service.h"; sourceTree = "<group>"; };
		859D7803163411FB0050E6FA /* service.m */ = {isa = PBXFileReference; fileEncoding = 4; lastKnownFileType = sourcecode.c.objc; name = service.m; path = "thrift-client/service.m"; sourceTree = "<group>"; };
		859D7804163411FB0050E6FA /* type.h */ = {isa = PBXFileReference; fileEncoding = 4; lastKnownFileType = sourcecode.c.h; name = type.h; path = "thrift-client/type.h"; sourceTree = "<group>"; };
		859D7805163411FB0050E6FA /* type.m */ = {isa = PBXFileReference; fileEncoding = 4; lastKnownFileType = sourcecode.c.objc; name = type.m; path = "thrift-client/type.m"; sourceTree = "<group>"; };
		85A03F901635A218005F58E6 /* HFGotoMainDelegate.h */ = {isa = PBXFileReference; lastKnownFileType = sourcecode.c.h; path = HFGotoMainDelegate.h; sourceTree = "<group>"; };
		85AB0AA815988CD60065020C /* ClassNote.app */ = {isa = PBXFileReference; explicitFileType = wrapper.application; includeInIndex = 0; path = ClassNote.app; sourceTree = BUILT_PRODUCTS_DIR; };
		85AB0AAC15988CD60065020C /* UIKit.framework */ = {isa = PBXFileReference; lastKnownFileType = wrapper.framework; name = UIKit.framework; path = System/Library/Frameworks/UIKit.framework; sourceTree = SDKROOT; };
		85AB0AAE15988CD60065020C /* Foundation.framework */ = {isa = PBXFileReference; lastKnownFileType = wrapper.framework; name = Foundation.framework; path = System/Library/Frameworks/Foundation.framework; sourceTree = SDKROOT; };
		85AB0AB015988CD60065020C /* CoreGraphics.framework */ = {isa = PBXFileReference; lastKnownFileType = wrapper.framework; name = CoreGraphics.framework; path = System/Library/Frameworks/CoreGraphics.framework; sourceTree = SDKROOT; };
		85AB0AB415988CD60065020C /* ClassNote-Info.plist */ = {isa = PBXFileReference; lastKnownFileType = text.plist.xml; path = "ClassNote-Info.plist"; sourceTree = "<group>"; };
		85AB0AB615988CD60065020C /* en */ = {isa = PBXFileReference; lastKnownFileType = text.plist.strings; name = en; path = en.lproj/InfoPlist.strings; sourceTree = "<group>"; };
		85AB0AB815988CD60065020C /* main.m */ = {isa = PBXFileReference; lastKnownFileType = sourcecode.c.objc; path = main.m; sourceTree = "<group>"; };
		85AB0ABA15988CD60065020C /* ClassNote-Prefix.pch */ = {isa = PBXFileReference; lastKnownFileType = sourcecode.c.h; path = "ClassNote-Prefix.pch"; sourceTree = "<group>"; };
		85AB0ABB15988CD60065020C /* HFAppDelegate.h */ = {isa = PBXFileReference; lastKnownFileType = sourcecode.c.h; path = HFAppDelegate.h; sourceTree = "<group>"; };
		85AB0ABC15988CD60065020C /* HFAppDelegate.m */ = {isa = PBXFileReference; lastKnownFileType = sourcecode.c.objc; path = HFAppDelegate.m; sourceTree = "<group>"; };
		85E035D715F64FE70009FAB8 /* en */ = {isa = PBXFileReference; lastKnownFileType = text.plist.strings; name = en; path = en.lproj/Localizable.strings; sourceTree = "<group>"; };
		85E035DA15F650180009FAB8 /* zh-Hans */ = {isa = PBXFileReference; lastKnownFileType = text.plist.strings; name = "zh-Hans"; path = "zh-Hans.lproj/Localizable.strings"; sourceTree = "<group>"; };
		85E035E415F65EF70009FAB8 /* HFLesson.h */ = {isa = PBXFileReference; fileEncoding = 4; lastKnownFileType = sourcecode.c.h; name = HFLesson.h; path = ClassNote/HFLesson.h; sourceTree = "<group>"; };
		85E035E515F65EF70009FAB8 /* HFLesson.m */ = {isa = PBXFileReference; fileEncoding = 4; lastKnownFileType = sourcecode.c.objc; name = HFLesson.m; path = ClassNote/HFLesson.m; sourceTree = "<group>"; };
		85E035E715F65F090009FAB8 /* HFClass.h */ = {isa = PBXFileReference; fileEncoding = 4; lastKnownFileType = sourcecode.c.h; name = HFClass.h; path = ClassNote/HFClass.h; sourceTree = "<group>"; };
		85E035E815F65F090009FAB8 /* HFClass.m */ = {isa = PBXFileReference; fileEncoding = 4; lastKnownFileType = sourcecode.c.objc; name = HFClass.m; path = ClassNote/HFClass.m; sourceTree = "<group>"; };
		85E6CF9016020C2E00ED65FC /* HFLessonEditViewController.h */ = {isa = PBXFileReference; fileEncoding = 4; lastKnownFileType = sourcecode.c.h; name = HFLessonEditViewController.h; path = ClassNote/HFLessonEditViewController.h; sourceTree = "<group>"; };
		85E6CF9116020C2E00ED65FC /* HFLessonEditViewController.m */ = {isa = PBXFileReference; fileEncoding = 4; lastKnownFileType = sourcecode.c.objc; name = HFLessonEditViewController.m; path = ClassNote/HFLessonEditViewController.m; sourceTree = "<group>"; };
		85E6CF9216020C2E00ED65FC /* HFLessonEditViewController.xib */ = {isa = PBXFileReference; fileEncoding = 4; lastKnownFileType = file.xib; name = HFLessonEditViewController.xib; path = ClassNote/HFLessonEditViewController.xib; sourceTree = "<group>"; };
		85F35684159994D3000E1B6F /* HFClassEditViewController.h */ = {isa = PBXFileReference; fileEncoding = 4; lastKnownFileType = sourcecode.c.h; name = HFClassEditViewController.h; path = ClassNote/HFClassEditViewController.h; sourceTree = "<group>"; };
		85F35685159994D3000E1B6F /* HFClassEditViewController.m */ = {isa = PBXFileReference; fileEncoding = 4; lastKnownFileType = sourcecode.c.objc; name = HFClassEditViewController.m; path = ClassNote/HFClassEditViewController.m; sourceTree = "<group>"; };
		85F35686159994D3000E1B6F /* HFClassEditView.xib */ = {isa = PBXFileReference; fileEncoding = 4; lastKnownFileType = file.xib; name = HFClassEditView.xib; path = ClassNote/HFClassEditView.xib; sourceTree = "<group>"; };
		85F8506F1604699500068115 /* NGVaryingGridView.h */ = {isa = PBXFileReference; fileEncoding = 4; lastKnownFileType = sourcecode.c.h; path = NGVaryingGridView.h; sourceTree = "<group>"; };
		85F850701604699500068115 /* NGVaryingGridView.m */ = {isa = PBXFileReference; fileEncoding = 4; lastKnownFileType = sourcecode.c.objc; path = NGVaryingGridView.m; sourceTree = "<group>"; };
		85F85072160469B100068115 /* NGClassCell.h */ = {isa = PBXFileReference; fileEncoding = 4; lastKnownFileType = sourcecode.c.h; path = NGClassCell.h; sourceTree = "<group>"; };
		85F85073160469B100068115 /* NGClassCell.m */ = {isa = PBXFileReference; fileEncoding = 4; lastKnownFileType = sourcecode.c.objc; path = NGClassCell.m; sourceTree = "<group>"; };
		85F85074160469B100068115 /* NGViewController.h */ = {isa = PBXFileReference; fileEncoding = 4; lastKnownFileType = sourcecode.c.h; path = NGViewController.h; sourceTree = "<group>"; };
		85F85075160469B100068115 /* NGViewController.m */ = {isa = PBXFileReference; fileEncoding = 4; lastKnownFileType = sourcecode.c.objc; path = NGViewController.m; sourceTree = "<group>"; };
		85F910A515FC5DEC00ADB1E9 /* Default@2x.png */ = {isa = PBXFileReference; lastKnownFileType = image.png; path = "Default@2x.png"; sourceTree = "<group>"; };
		85F910B115FC634C00ADB1E9 /* QuartzCore.framework */ = {isa = PBXFileReference; lastKnownFileType = wrapper.framework; name = QuartzCore.framework; path = System/Library/Frameworks/QuartzCore.framework; sourceTree = SDKROOT; };
/* End PBXFileReference section */

/* Begin PBXFrameworksBuildPhase section */
		85AB0AA515988CD60065020C /* Frameworks */ = {
			isa = PBXFrameworksBuildPhase;
			buildActionMask = 2147483647;
			files = (
				859A4D5C163D107400A78FCA /* libz.dylib in Frameworks */,
				85F910B315FC638500ADB1E9 /* CoreGraphics.framework in Frameworks */,
				852EC1BF159C4AA40018A30E /* CoreData.framework in Frameworks */,
				85AB0AAD15988CD60065020C /* UIKit.framework in Frameworks */,
				85AB0AAF15988CD60065020C /* Foundation.framework in Frameworks */,
				85F910B415FC65AB00ADB1E9 /* QuartzCore.framework in Frameworks */,
				859A4D59163D0FF000A78FCA /* libMobClickLibrary.a in Frameworks */,
				859A4D64163D183100A78FCA /* libUMFeedback.a in Frameworks */,
			);
			runOnlyForDeploymentPostprocessing = 0;
		};
/* End PBXFrameworksBuildPhase section */

/* Begin PBXGroup section */
		85031E8515FE24C800A1A287 /* Model Class */ = {
			isa = PBXGroup;
			children = (
				85E035E715F65F090009FAB8 /* HFClass.h */,
				85E035E815F65F090009FAB8 /* HFClass.m */,
				85E035E415F65EF70009FAB8 /* HFLesson.h */,
				85E035E515F65EF70009FAB8 /* HFLesson.m */,
			);
			name = "Model Class";
			sourceTree = "<group>";
		};
		850E375715FB8F1F00EE3F6D /* Guide View Controllers */ = {
			isa = PBXGroup;
			children = (
				8590DF9415FBB83800A7019F /* GuideViewController.h */,
				8590DF9515FBB83800A7019F /* GuideViewController.m */,
				8590DF9615FBB83800A7019F /* GuideViewController.xib */,
				850E376E15FBA1B700EE3F6D /* UIImage+SplitImageIntoTwoParts.h */,
				850E376F15FBA1B700EE3F6D /* UIImage+SplitImageIntoTwoParts.m */,
			);
			name = "Guide View Controllers";
			sourceTree = "<group>";
		};
		852EC1DA159C56830018A30E /* View Controllers */ = {
			isa = PBXGroup;
			children = (
				85611BB6163BD32F0099B7BE /* HFMainViewController.h */,
				85611BB7163BD32F0099B7BE /* HFMainViewController.m */,
				85611BB8163BD32F0099B7BE /* HFMainViewController.xib */,
				85E6CF9016020C2E00ED65FC /* HFLessonEditViewController.h */,
				85E6CF9116020C2E00ED65FC /* HFLessonEditViewController.m */,
				85E6CF9216020C2E00ED65FC /* HFLessonEditViewController.xib */,
				85031E7815FE160900A1A287 /* AddViewController.h */,
				85031E7915FE160900A1A287 /* AddViewController.m */,
				85031E7A15FE160900A1A287 /* DetailViewController.h */,
				85031E7B15FE160900A1A287 /* DetailViewController.m */,
				85031E7C15FE160900A1A287 /* EditingViewController.h */,
				85031E7D15FE160900A1A287 /* EditingViewController.m */,
				85F35684159994D3000E1B6F /* HFClassEditViewController.h */,
				85F35685159994D3000E1B6F /* HFClassEditViewController.m */,
				85F35686159994D3000E1B6F /* HFClassEditView.xib */,
				859A4D77163D6FEE00A78FCA /* HFLessonListViewController.h */,
				859A4D78163D6FEF00A78FCA /* HFLessonListViewController.m */,
				859A4D79163D6FEF00A78FCA /* HFLessonListViewController.xib */,
			);
			name = "View Controllers";
			sourceTree = "<group>";
		};
		85611BBB163C03270099B7BE /* Exception */ = {
			isa = PBXGroup;
			children = (
				85611BBC163C04C30099B7BE /* HFExceptionHandler.h */,
				85611BBD163C04C30099B7BE /* HFExceptionHandler.m */,
			);
			name = Exception;
			sourceTree = "<group>";
		};
		859D77B416340A490050E6FA /* Login */ = {
			isa = PBXGroup;
			children = (
				859D77B516340AB30050E6FA /* SignUpViewController.h */,
				859D77B616340AB30050E6FA /* SignUpViewController.m */,
				859D77B716340AB30050E6FA /* SignUpViewController.xib */,
				859D77B816340AB30050E6FA /* LoginViewController.h */,
				859D77B916340AB30050E6FA /* LoginViewController.m */,
				859D77BA16340AB30050E6FA /* LoginViewController.xib */,
				859D77BF16340CE90050E6FA /* HFRemoteUtils.h */,
				859D77C016340CE90050E6FA /* HFRemoteUtils.m */,
			);
			name = Login;
			sourceTree = "<group>";
		};
		859D77C216340E060050E6FA /* thrift-client */ = {
			isa = PBXGroup;
			children = (
				859D7800163411FB0050E6FA /* exception.h */,
				859D7801163411FB0050E6FA /* exception.m */,
				859D7802163411FB0050E6FA /* service.h */,
				859D7803163411FB0050E6FA /* service.m */,
				859D7804163411FB0050E6FA /* type.h */,
				859D7805163411FB0050E6FA /* type.m */,
			);
			name = "thrift-client";
			sourceTree = "<group>";
		};
		859D77D01634110A0050E6FA /* thrift */ = {
			isa = PBXGroup;
			children = (
				859D77D1163411E60050E6FA /* protocol */,
				859D77DA163411E60050E6FA /* server */,
				859D77DD163411E60050E6FA /* TApplicationException.h */,
				859D77DE163411E60050E6FA /* TApplicationException.m */,
				859D77DF163411E60050E6FA /* TException.h */,
				859D77E0163411E60050E6FA /* TException.m */,
				859D77E1163411E60050E6FA /* TProcessor.h */,
				859D77E2163411E60050E6FA /* TProcessorFactory.h */,
				859D77E3163411E60050E6FA /* transport */,
				859D77F1163411E60050E6FA /* TSharedProcessorFactory.h */,
				859D77F2163411E60050E6FA /* TSharedProcessorFactory.m */,
			);
			name = thrift;
			sourceTree = SOURCE_ROOT;
		};
		859D77D1163411E60050E6FA /* protocol */ = {
			isa = PBXGroup;
			children = (
				859D77D2163411E60050E6FA /* TBinaryProtocol.h */,
				859D77D3163411E60050E6FA /* TBinaryProtocol.m */,
				859D77D4163411E60050E6FA /* TProtocol.h */,
				859D77D5163411E60050E6FA /* TProtocolException.h */,
				859D77D6163411E60050E6FA /* TProtocolException.m */,
				859D77D7163411E60050E6FA /* TProtocolFactory.h */,
				859D77D8163411E60050E6FA /* TProtocolUtil.h */,
				859D77D9163411E60050E6FA /* TProtocolUtil.m */,
			);
			name = protocol;
			path = thrift/protocol;
			sourceTree = "<group>";
		};
		859D77DA163411E60050E6FA /* server */ = {
			isa = PBXGroup;
			children = (
				859D77DB163411E60050E6FA /* TSocketServer.h */,
				859D77DC163411E60050E6FA /* TSocketServer.m */,
			);
			name = server;
			path = thrift/server;
			sourceTree = "<group>";
		};
		859D77E3163411E60050E6FA /* transport */ = {
			isa = PBXGroup;
			children = (
				859D77E4163411E60050E6FA /* THTTPClient.h */,
				859D77E5163411E60050E6FA /* THTTPClient.m */,
				859D77E6163411E60050E6FA /* TMemoryBuffer.h */,
				859D77E7163411E60050E6FA /* TMemoryBuffer.m */,
				859D77E8163411E60050E6FA /* TNSFileHandleTransport.h */,
				859D77E9163411E60050E6FA /* TNSFileHandleTransport.m */,
				859D77EA163411E60050E6FA /* TNSStreamTransport.h */,
				859D77EB163411E60050E6FA /* TNSStreamTransport.m */,
				859D77EC163411E60050E6FA /* TSocketClient.h */,
				859D77ED163411E60050E6FA /* TSocketClient.m */,
				859D77EE163411E60050E6FA /* TTransport.h */,
				859D77EF163411E60050E6FA /* TTransportException.h */,
				859D77F0163411E60050E6FA /* TTransportException.m */,
			);
			name = transport;
			path = thrift/transport;
			sourceTree = "<group>";
		};
		85AB0A9D15988CD50065020C = {
			isa = PBXGroup;
			children = (
				859A4D61163D183000A78FCA /* libUMFeedback.a */,
				859A4D62163D183000A78FCA /* umFeedback.bundle */,
				859A4D63163D183100A78FCA /* UMFeedback.h */,
				859A4D5B163D107400A78FCA /* libz.dylib */,
				859A4D57163D0FF000A78FCA /* libMobClickLibrary.a */,
				859A4D58163D0FF000A78FCA /* MobClick.h */,
				85611BBB163C03270099B7BE /* Exception */,
				859D77D01634110A0050E6FA /* thrift */,
				859D77C216340E060050E6FA /* thrift-client */,
				859D77B416340A490050E6FA /* Login */,
				85F8506D1604697700068115 /* NGVaryingGrid */,
				85031E8515FE24C800A1A287 /* Model Class */,
				85F9109D15FC5DBB00ADB1E9 /* YISplashScreen */,
				850E375715FB8F1F00EE3F6D /* Guide View Controllers */,
				852EC1DA159C56830018A30E /* View Controllers */,
				85AB0AB215988CD60065020C /* ClassNote */,
				85AB0AAB15988CD60065020C /* Frameworks */,
				85AB0AA915988CD60065020C /* Products */,
			);
			sourceTree = "<group>";
		};
		85AB0AA915988CD60065020C /* Products */ = {
			isa = PBXGroup;
			children = (
				85AB0AA815988CD60065020C /* ClassNote.app */,
			);
			name = Products;
			sourceTree = "<group>";
		};
		85AB0AAB15988CD60065020C /* Frameworks */ = {
			isa = PBXGroup;
			children = (
				85F910B115FC634C00ADB1E9 /* QuartzCore.framework */,
				852EC1BE159C4AA40018A30E /* CoreData.framework */,
				85AB0AAC15988CD60065020C /* UIKit.framework */,
				85AB0AAE15988CD60065020C /* Foundation.framework */,
				85AB0AB015988CD60065020C /* CoreGraphics.framework */,
			);
			name = Frameworks;
			sourceTree = "<group>";
		};
		85AB0AB215988CD60065020C /* ClassNote */ = {
			isa = PBXGroup;
			children = (
				851811D415FE370700607412 /* EditingView.xib */,
				85AB0ABB15988CD60065020C /* HFAppDelegate.h */,
				85A03F901635A218005F58E6 /* HFGotoMainDelegate.h */,
				85AB0ABC15988CD60065020C /* HFAppDelegate.m */,
				85AB0AB315988CD60065020C /* Supporting Files */,
				852EC1C1159C4AFA0018A30E /* ClassNote.xcdatamodeld */,
			);
			path = ClassNote;
			sourceTree = "<group>";
		};
		85AB0AB315988CD60065020C /* Supporting Files */ = {
			isa = PBXGroup;
			children = (
				851B4FEE15FCF25700A98CD8 /* Icon_72.png */,
				851B4FEF15FCF25700A98CD8 /* Icon_Big.png */,
				851B4FF015FCF25700A98CD8 /* Icon_Small.png */,
				851B4FF115FCF25700A98CD8 /* Icon.png */,
				851B4FEC15FCE96A00A98CD8 /* default.png */,
				85F910A515FC5DEC00ADB1E9 /* Default@2x.png */,
				850E375815FB90AE00EE3F6D /* 1.jpg */,
				850E375915FB90AE00EE3F6D /* 2.jpg */,
				850E375D15FB90AE00EE3F6D /* test6.jpg */,
				85AB0AB415988CD60065020C /* ClassNote-Info.plist */,
				85AB0AB515988CD60065020C /* InfoPlist.strings */,
				85AB0AB815988CD60065020C /* main.m */,
				85AB0ABA15988CD60065020C /* ClassNote-Prefix.pch */,
				85E035D815F64FE70009FAB8 /* Localizable.strings */,
			);
			name = "Supporting Files";
			sourceTree = "<group>";
		};
		85F8506D1604697700068115 /* NGVaryingGrid */ = {
			isa = PBXGroup;
			children = (
				85F85072160469B100068115 /* NGClassCell.h */,
				85F85073160469B100068115 /* NGClassCell.m */,
				85F85074160469B100068115 /* NGViewController.h */,
				85F85075160469B100068115 /* NGViewController.m */,
				85F8506F1604699500068115 /* NGVaryingGridView.h */,
				85F850701604699500068115 /* NGVaryingGridView.m */,
			);
			name = NGVaryingGrid;
			sourceTree = "<group>";
		};
		85F9109D15FC5DBB00ADB1E9 /* YISplashScreen */ = {
			isa = PBXGroup;
			children = (
				851B4FF615FCF3A200A98CD8 /* YISplashScreen.h */,
				851B4FF715FCF3A200A98CD8 /* YISplashScreen.m */,
				851B4FF815FCF3A200A98CD8 /* YISplashScreenAnimation.h */,
				851B4FF915FCF3A200A98CD8 /* YISplashScreenAnimation.m */,
			);
			name = YISplashScreen;
			sourceTree = "<group>";
		};
/* End PBXGroup section */

/* Begin PBXNativeTarget section */
		85AB0AA715988CD60065020C /* ClassNote */ = {
			isa = PBXNativeTarget;
			buildConfigurationList = 85AB0AC615988CD60065020C /* Build configuration list for PBXNativeTarget "ClassNote" */;
			buildPhases = (
				85AB0AA415988CD60065020C /* Sources */,
				85AB0AA515988CD60065020C /* Frameworks */,
				85AB0AA615988CD60065020C /* Resources */,
			);
			buildRules = (
			);
			dependencies = (
			);
			name = ClassNote;
			productName = ClassNote;
			productReference = 85AB0AA815988CD60065020C /* ClassNote.app */;
			productType = "com.apple.product-type.application";
		};
/* End PBXNativeTarget section */

/* Begin PBXProject section */
		85AB0A9F15988CD50065020C /* Project object */ = {
			isa = PBXProject;
			attributes = {
				CLASSPREFIX = HF;
				LastUpgradeCheck = 0430;
				ORGANIZATIONNAME = HackFisher;
			};
			buildConfigurationList = 85AB0AA215988CD50065020C /* Build configuration list for PBXProject "ClassNote" */;
			compatibilityVersion = "Xcode 3.2";
			developmentRegion = English;
			hasScannedForEncodings = 0;
			knownRegions = (
				en,
				"zh-Hans",
			);
			mainGroup = 85AB0A9D15988CD50065020C;
			productRefGroup = 85AB0AA915988CD60065020C /* Products */;
			projectDirPath = "";
			projectRoot = "";
			targets = (
				85AB0AA715988CD60065020C /* ClassNote */,
			);
		};
/* End PBXProject section */

/* Begin PBXResourcesBuildPhase section */
		85AB0AA615988CD60065020C /* Resources */ = {
			isa = PBXResourcesBuildPhase;
			buildActionMask = 2147483647;
			files = (
				85AB0AB715988CD60065020C /* InfoPlist.strings in Resources */,
				85F35688159994D4000E1B6F /* HFClassEditView.xib in Resources */,
				85E035D615F64FE70009FAB8 /* Localizable.strings in Resources */,
				850E375E15FB90AE00EE3F6D /* 1.jpg in Resources */,
				850E375F15FB90AE00EE3F6D /* 2.jpg in Resources */,
				850E376315FB90AE00EE3F6D /* test6.jpg in Resources */,
				8590DF9815FBB83800A7019F /* GuideViewController.xib in Resources */,
				85F910A615FC5DEC00ADB1E9 /* Default@2x.png in Resources */,
				851B4FED15FCE96A00A98CD8 /* default.png in Resources */,
				851B4FF215FCF25700A98CD8 /* Icon_72.png in Resources */,
				851B4FF315FCF25700A98CD8 /* Icon_Big.png in Resources */,
				851B4FF415FCF25700A98CD8 /* Icon_Small.png in Resources */,
				851B4FF515FCF25700A98CD8 /* Icon.png in Resources */,
				851811D515FE370700607412 /* EditingView.xib in Resources */,
				85E6CF9416020C2E00ED65FC /* HFLessonEditViewController.xib in Resources */,
				859D77BC16340AB30050E6FA /* SignUpViewController.xib in Resources */,
				859D77BE16340AB30050E6FA /* LoginViewController.xib in Resources */,
				85611BBA163BD32F0099B7BE /* HFMainViewController.xib in Resources */,
				859A4D65163D183100A78FCA /* umFeedback.bundle in Resources */,
				859A4D7B163D6FEF00A78FCA /* HFLessonListViewController.xib in Resources */,
			);
			runOnlyForDeploymentPostprocessing = 0;
		};
/* End PBXResourcesBuildPhase section */

/* Begin PBXSourcesBuildPhase section */
		85AB0AA415988CD60065020C /* Sources */ = {
			isa = PBXSourcesBuildPhase;
			buildActionMask = 2147483647;
			files = (
				85AB0AB915988CD60065020C /* main.m in Sources */,
				85AB0ABD15988CD60065020C /* HFAppDelegate.m in Sources */,
				85F35687159994D4000E1B6F /* HFClassEditViewController.m in Sources */,
				852EC1C3159C4AFA0018A30E /* ClassNote.xcdatamodeld in Sources */,
				85E035E615F65EF70009FAB8 /* HFLesson.m in Sources */,
				85E035E915F65F090009FAB8 /* HFClass.m in Sources */,
				850E377115FBA1B700EE3F6D /* UIImage+SplitImageIntoTwoParts.m in Sources */,
				8590DF9715FBB83800A7019F /* GuideViewController.m in Sources */,
				851B4FFA15FCF3A200A98CD8 /* YISplashScreen.m in Sources */,
				851B4FFB15FCF3A200A98CD8 /* YISplashScreenAnimation.m in Sources */,
				85031E7E15FE160900A1A287 /* AddViewController.m in Sources */,
				85031E7F15FE160900A1A287 /* DetailViewController.m in Sources */,
				85031E8015FE160900A1A287 /* EditingViewController.m in Sources */,
				85E6CF9316020C2E00ED65FC /* HFLessonEditViewController.m in Sources */,
				85F850711604699500068115 /* NGVaryingGridView.m in Sources */,
				85F85076160469B100068115 /* NGClassCell.m in Sources */,
				85F85077160469B100068115 /* NGViewController.m in Sources */,
				859D77BB16340AB30050E6FA /* SignUpViewController.m in Sources */,
				859D77BD16340AB30050E6FA /* LoginViewController.m in Sources */,
				859D77C116340CE90050E6FA /* HFRemoteUtils.m in Sources */,
				859D77F3163411E60050E6FA /* TBinaryProtocol.m in Sources */,
				859D77F4163411E60050E6FA /* TProtocolException.m in Sources */,
				859D77F5163411E60050E6FA /* TProtocolUtil.m in Sources */,
				859D77F6163411E60050E6FA /* TSocketServer.m in Sources */,
				859D77F7163411E60050E6FA /* TApplicationException.m in Sources */,
				859D77F8163411E60050E6FA /* TException.m in Sources */,
				859D77F9163411E60050E6FA /* THTTPClient.m in Sources */,
				859D77FA163411E60050E6FA /* TMemoryBuffer.m in Sources */,
				859D77FB163411E60050E6FA /* TNSFileHandleTransport.m in Sources */,
				859D77FC163411E60050E6FA /* TNSStreamTransport.m in Sources */,
				859D77FD163411E60050E6FA /* TSocketClient.m in Sources */,
				859D77FE163411E60050E6FA /* TTransportException.m in Sources */,
				859D77FF163411E60050E6FA /* TSharedProcessorFactory.m in Sources */,
				859D7806163411FB0050E6FA /* exception.m in Sources */,
				859D7807163411FB0050E6FA /* service.m in Sources */,
				859D7808163411FB0050E6FA /* type.m in Sources */,
				85611BB9163BD32F0099B7BE /* HFMainViewController.m in Sources */,
				85611BBE163C04C30099B7BE /* HFExceptionHandler.m in Sources */,
				859A4D7A163D6FEF00A78FCA /* HFLessonListViewController.m in Sources */,
			);
			runOnlyForDeploymentPostprocessing = 0;
		};
/* End PBXSourcesBuildPhase section */

/* Begin PBXVariantGroup section */
		85AB0AB515988CD60065020C /* InfoPlist.strings */ = {
			isa = PBXVariantGroup;
			children = (
				85AB0AB615988CD60065020C /* en */,
			);
			name = InfoPlist.strings;
			sourceTree = "<group>";
		};
		85E035D815F64FE70009FAB8 /* Localizable.strings */ = {
			isa = PBXVariantGroup;
			children = (
				85E035D715F64FE70009FAB8 /* en */,
				85E035DA15F650180009FAB8 /* zh-Hans */,
			);
			name = Localizable.strings;
			sourceTree = "<group>";
		};
/* End PBXVariantGroup section */

/* Begin XCBuildConfiguration section */
		85AB0AC415988CD60065020C /* Debug */ = {
			isa = XCBuildConfiguration;
			buildSettings = {
				ALWAYS_SEARCH_USER_PATHS = YES;
				ARCHS = "$(ARCHS_STANDARD_32_BIT)";
				"CODE_SIGN_IDENTITY[sdk=iphoneos*]" = "iPhone Developer";
				COPY_PHASE_STRIP = NO;
				FRAMEWORK_SEARCH_PATHS = "ClassNote/**";
				GCC_C_LANGUAGE_STANDARD = gnu99;
				GCC_DYNAMIC_NO_PIC = NO;
				GCC_OPTIMIZATION_LEVEL = 0;
				GCC_PREPROCESSOR_DEFINITIONS = (
					"DEBUG=1",
					"$(inherited)",
				);
				GCC_SYMBOLS_PRIVATE_EXTERN = NO;
				GCC_VERSION = com.apple.compilers.llvm.clang.1_0;
				GCC_WARN_ABOUT_RETURN_TYPE = YES;
				GCC_WARN_UNINITIALIZED_AUTOS = YES;
				GCC_WARN_UNUSED_VARIABLE = YES;
				IPHONEOS_DEPLOYMENT_TARGET = 5.1;
				SDKROOT = iphoneos;
				USER_HEADER_SEARCH_PATHS = "ClassNote/**";
			};
			name = Debug;
		};
		85AB0AC515988CD60065020C /* Release */ = {
			isa = XCBuildConfiguration;
			buildSettings = {
				ALWAYS_SEARCH_USER_PATHS = YES;
				ARCHS = "$(ARCHS_STANDARD_32_BIT)";
				"CODE_SIGN_IDENTITY[sdk=iphoneos*]" = "iPhone Developer";
				COPY_PHASE_STRIP = YES;
				FRAMEWORK_SEARCH_PATHS = "ClassNote/**";
				GCC_C_LANGUAGE_STANDARD = gnu99;
				GCC_VERSION = com.apple.compilers.llvm.clang.1_0;
				GCC_WARN_ABOUT_RETURN_TYPE = YES;
				GCC_WARN_UNINITIALIZED_AUTOS = YES;
				GCC_WARN_UNUSED_VARIABLE = YES;
				IPHONEOS_DEPLOYMENT_TARGET = 5.1;
				OTHER_CFLAGS = "-DNS_BLOCK_ASSERTIONS=1";
				SDKROOT = iphoneos;
				USER_HEADER_SEARCH_PATHS = "ClassNote/**";
				VALIDATE_PRODUCT = YES;
			};
			name = Release;
		};
		85AB0AC715988CD60065020C /* Debug */ = {
			isa = XCBuildConfiguration;
			buildSettings = {
				GCC_PRECOMPILE_PREFIX_HEADER = YES;
				GCC_PREFIX_HEADER = "ClassNote/ClassNote-Prefix.pch";
				INFOPLIST_FILE = "ClassNote/ClassNote-Info.plist";
				LIBRARY_SEARCH_PATHS = (
					"$(inherited)",
					"\"$(SRCROOT)\"",
				);
				PRODUCT_NAME = "$(TARGET_NAME)";
				WRAPPER_EXTENSION = app;
			};
			name = Debug;
		};
		85AB0AC815988CD60065020C /* Release */ = {
			isa = XCBuildConfiguration;
			buildSettings = {
				GCC_PRECOMPILE_PREFIX_HEADER = YES;
				GCC_PREFIX_HEADER = "ClassNote/ClassNote-Prefix.pch";
				INFOPLIST_FILE = "ClassNote/ClassNote-Info.plist";
				LIBRARY_SEARCH_PATHS = (
					"$(inherited)",
					"\"$(SRCROOT)\"",
				);
				PRODUCT_NAME = "$(TARGET_NAME)";
				WRAPPER_EXTENSION = app;
			};
			name = Release;
		};
/* End XCBuildConfiguration section */

/* Begin XCConfigurationList section */
		85AB0AA215988CD50065020C /* Build configuration list for PBXProject "ClassNote" */ = {
			isa = XCConfigurationList;
			buildConfigurations = (
				85AB0AC415988CD60065020C /* Debug */,
				85AB0AC515988CD60065020C /* Release */,
			);
			defaultConfigurationIsVisible = 0;
			defaultConfigurationName = Release;
		};
		85AB0AC615988CD60065020C /* Build configuration list for PBXNativeTarget "ClassNote" */ = {
			isa = XCConfigurationList;
			buildConfigurations = (
				85AB0AC715988CD60065020C /* Debug */,
				85AB0AC815988CD60065020C /* Release */,
			);
			defaultConfigurationIsVisible = 0;
			defaultConfigurationName = Release;
		};
/* End XCConfigurationList section */

/* Begin XCVersionGroup section */
		852EC1C1159C4AFA0018A30E /* ClassNote.xcdatamodeld */ = {
			isa = XCVersionGroup;
			children = (
				852EC1C2159C4AFA0018A30E /* ClassNote.xcdatamodel */,
			);
			currentVersion = 852EC1C2159C4AFA0018A30E /* ClassNote.xcdatamodel */;
			path = ClassNote.xcdatamodeld;
			sourceTree = "<group>";
			versionGroupType = wrapper.xcdatamodel;
		};
/* End XCVersionGroup section */
	};
	rootObject = 85AB0A9F15988CD50065020C /* Project object */;
}
